# licenses.lock -- the Debian package that supplies /usr/share/common-licenses.
#
# GENERATED by packaging/macos/guest-assets/generate-lock.sh alongside
# qemu-user.lock, from the same OpenPGP-verified archive metadata.
#
#   snapshot:            20260810T000000Z
#   suite:               trixie
#   InRelease sha256:    98b25b5cd185c59d34aa6e4c3e9b5b8f01bbe9d104fe2dcfbcd30dc0a14a59ed
#   InRelease signature: verified against /tmp/dak.gpg
#
# WHY THIS IS SEPARATE FROM qemu-user.lock
# ----------------------------------------
# Debian copyright files do not embed the GPL/LGPL/Apache texts; they REFERENCE
# /usr/share/common-licenses/<NAME>. That arrangement works on an installed
# Debian system because base-files supplies those files. An iolbox macOS
# archive is not an installed Debian system, so we must ship the referenced
# texts ourselves or the copyright files point at nothing.
#
# base-files is used ONLY as the source of those texts. It is NEVER installed
# into the guest and MUST NOT appear in the guest install manifest -- which is
# exactly why it lives in its own lock file rather than in qemu-user.lock.
#
# Format: package|version|arch|sha256|pool path
base-files|13.8+deb13u6|arm64|5f5a571ec846d7db05d9f825f0388a37bc033267b33cbf85b4eaa838dffcc41b|pool/main/b/base-files/base-files_13.8+deb13u6_arm64.deb
