# qemu-user.lock -- the exact Debian binary packages the macOS native-arm64
# profile redistributes. THIS FILE, NOT THE MIRROR, IS THE PIN.
#
# GENERATED by packaging/macos/guest-assets/generate-lock.sh. Do not hand-edit:
# every hash below was derived from Debian's OpenPGP-signed archive metadata,
# and hand-editing silently breaks that provenance chain.
#
#   snapshot:            20260810T000000Z
#   suite:               trixie
#   InRelease sha256:    98b25b5cd185c59d34aa6e4c3e9b5b8f01bbe9d104fe2dcfbcd30dc0a14a59ed
#   InRelease signature: verified against /tmp/dak.gpg
#
# Re-derive with:
#   packaging/macos/guest-assets/generate-lock.sh --snapshot 20260810T000000Z
#
# THE SNAPSHOT TIMESTAMP IS NOT ARBITRARY. It tracks the build date of the
# Lima guest image pinned in packaging/macos/lima/pinned-image-native-arm64.env.
# The amd64 packages below are `Multi-Arch: same`, which Debian requires to be
# co-installed at the IDENTICAL version as the guest's existing arm64
# instances. Pinning to the image's own date makes that true by construction.
# Moving the image pin WITHOUT regenerating this lock will make `dpkg -i`
# reject the bundle in the guest.
#
# Multi-Arch: same amd64 packages subject to that constraint:
#   gcc-14-base libc6 libgcc-s1 libssl3t64 libzstd1 zlib1g
#
# Format: package|version|arch|sha256|pool path (relative to a Debian archive root)
#
# arm64 rows are the translator. Note qemu-user-static is a TRANSITIONAL
# package in trixie containing no emulator at all -- qemu-user carries the
# actual binaries, and qemu-user-binfmt the registration files. It is bundled
# anyway (70 KB) so 10-multiarch-native.sh's existing qemu-user-static
# assertion and the M7 P7-02 evidence stay continuous.
#
# amd64 rows are the runtime the x86_64-only IOL binary links against: libc6
# and libssl3t64 are what was always installed, the rest is closure that apt
# used to resolve silently and an offline dpkg will not.
#
# See docs/macos-native-arm64-qemu-redistribution-plan.md and THIRD_PARTY.md.
#   arm64 gcc-14-base: already native in the pinned image, not bundled
#   arm64 libc6: already native in the pinned image, not bundled
#   arm64 libgcc-s1: already native in the pinned image, not bundled
gcc-14-base|14.2.0-19|amd64|5b6825de4263824b78c4c51f6476414f3b4e89c2ab63e81dc8b9b5501e867cf6|pool/main/g/gcc-14/gcc-14-base_14.2.0-19_amd64.deb
libc6|2.41-12+deb13u3|amd64|8ffd13165b9ee3f067e2ee670df718e48c1bdaa18676ac93d1de761dbbb3913c|pool/main/g/glibc/libc6_2.41-12+deb13u3_amd64.deb
libgcc-s1|14.2.0-19|amd64|3c71917b490d1a17aed43196a2787a256ecf060526cdb20216a74bedc061b150|pool/main/g/gcc-14/libgcc-s1_14.2.0-19_amd64.deb
libssl3t64|3.5.6-1~deb13u2|amd64|b2dab3fe29c1fcb82ef58c2db0ff4bd830a442cf37b9a8b730b7b6ce87181349|pool/main/o/openssl/libssl3t64_3.5.6-1~deb13u2_amd64.deb
libzstd1|1.5.7+dfsg-1|amd64|2f6a2aeacfc925eba8b00ac9139bc4bfccf8cacb09eb93de067074b26948eef9|pool/main/libz/libzstd/libzstd1_1.5.7+dfsg-1_amd64.deb
openssl-provider-legacy|3.5.6-1~deb13u2|amd64|feac35e2e79f70ca54abe3ffe3d7eeb51af5e56789d3b668df1ea4e6644db0a4|pool/main/o/openssl/openssl-provider-legacy_3.5.6-1~deb13u2_amd64.deb
zlib1g|1:1.3.dfsg+really1.3.1-1+b1|amd64|015be740d6236ad114582dea500c1d907f29e16d6db00566ca32fb68d71ac90d|pool/main/z/zlib/zlib1g_1.3.dfsg+really1.3.1-1+b1_amd64.deb
binfmt-support|2.2.2-7+b1|arm64|25315b70f30c153b13f7cadb3e48424c4595fb4604f7e61b9d707c3ed32097d4|pool/main/b/binfmt-support/binfmt-support_2.2.2-7+b1_arm64.deb
libpipeline1|1.5.8-1|arm64|266ea878fb40719dc0afd6c2bfe9b728f7aaf2d6bbb7bc1bbb5bc40dea776da8|pool/main/libp/libpipeline/libpipeline1_1.5.8-1_arm64.deb
qemu-user|1:10.0.11+ds-0+deb13u1|arm64|bb194fdc8c20a11b30e69cae469152942fb7921a0634dac5bea8e82cf6c807ae|pool/main/q/qemu/qemu-user_10.0.11+ds-0+deb13u1_arm64.deb
qemu-user-binfmt|1:10.0.11+ds-0+deb13u1|arm64|42870ea1469d2ae5b7b8440c27066a3a9a7baf3a11c2909a2177956ef3b0e4f1|pool/main/q/qemu/qemu-user-binfmt_10.0.11+ds-0+deb13u1_arm64.deb
qemu-user-static|1:10.0.11+ds-0+deb13u1|arm64|163df0dc912f080514f853e2eb1f6d40d33504caa8e023bc27b0cbcdf8a90492|pool/main/q/qemu/qemu-user-static_10.0.11+ds-0+deb13u1_arm64.deb
