# sources.lock -- the corresponding SOURCE package for every binary package
# redistributed in the macOS native-arm64 archive.
#
# GENERATED by packaging/macos/guest-assets/generate-lock.sh from the same
# OpenPGP-verified archive metadata as qemu-user.lock.
#
#   snapshot:            20260810T000000Z
#   suite:               trixie
#   InRelease sha256:    98b25b5cd185c59d34aa6e4c3e9b5b8f01bbe9d104fe2dcfbcd30dc0a14a59ed
#   InRelease signature: verified against /tmp/dak.gpg
#
# Consumed by fetch-corresponding-source.sh, which publishes this source as a
# release asset so the source accompanies the binary from the same
# distribution point (see SOURCE-OFFER.txt and THIRD_PARTY.md).
#
# DO NOT derive these by listing a pool directory and picking a version. Pool
# directories hold many versions at once, and binary version != source version
# for binNMUs (binfmt-support binary 2.2.2-7+b1 <- source 2.2.2-7) and for
# renamed sources (libc6 <- glibc, libgcc-s1 <- gcc-14). Shipping the wrong
# "corresponding source" is a compliance failure, not a cosmetic one.
#
# Format: source package|source version|dsc pool path
base-files|13.8+deb13u6|pool/main/b/base-files/base-files_13.8+deb13u6.dsc
binfmt-support|2.2.2-7|pool/main/b/binfmt-support/binfmt-support_2.2.2-7.dsc
gcc-14|14.2.0-19|pool/main/g/gcc-14/gcc-14_14.2.0-19.dsc
glibc|2.41-12+deb13u3|pool/main/g/glibc/glibc_2.41-12+deb13u3.dsc
libpipeline|1.5.8-1|pool/main/libp/libpipeline/libpipeline_1.5.8-1.dsc
libzstd|1.5.7+dfsg-1|pool/main/libz/libzstd/libzstd_1.5.7+dfsg-1.dsc
openssl|3.5.6-1~deb13u2|pool/main/o/openssl/openssl_3.5.6-1~deb13u2.dsc
qemu|1:10.0.11+ds-0+deb13u1|pool/main/q/qemu/qemu_10.0.11+ds-0+deb13u1.dsc
zlib|1:1.3.dfsg+really1.3.1-1|pool/main/z/zlib/zlib_1.3.dfsg+really1.3.1-1.dsc
